
Microsoft Visual Studio Solution File, Format Version 12.00
# Visual Studio Version 17
VisualStudioVersion = 17.6.33815.320
MinimumVisualStudioVersion = 10.0.40219.1
Project("{9A19103F-16F7-4668-BE54-9A1E7A4F7556}") = "HandlingAsynchronousExceptions", "HandlingAsynchronousExceptions.csproj", "{61485787-8054-4D26-B44B-FD3426FC261C}"
EndProject
Global
	GlobalSection(SolutionConfigurationPlatforms) = preSolution
		Debug|Any CPU = Debug|Any CPU
		Release|Any CPU = Release|Any CPU
	EndGlobalSection
	GlobalSection(ProjectConfigurationPlatforms) = postSolution
		{61485787-8054-4D26-B44B-FD3426FC261C}.Debug|Any CPU.ActiveCfg = Debug|Any CPU
		{61485787-8054-4D26-B44B-FD3426FC261C}.Debug|Any CPU.Build.0 = Debug|Any CPU
		{61485787-8054-4D26-B44B-FD3426FC261C}.Release|Any CPU.ActiveCfg = Release|Any CPU
		{61485787-8054-4D26-B44B-FD3426FC261C}.Release|Any CPU.Build.0 = Release|Any CPU
	EndGlobalSection
	GlobalSection(SolutionProperties) = preSolution
		HideSolutionNode = FALSE
	EndGlobalSection
	GlobalSection(ExtensibilityGlobals) = postSolution
		SolutionGuid = {DCC5242C-B2D3-4EAE-A92F-C4B950BBD7D1}
	EndGlobalSection
EndGlobal
